
Microsoft Visual Studio Solution File, Format Version 12.00
# Visual Studio 15
VisualStudioVersion = 15.0.27428.2037
MinimumVisualStudioVersion = 10.0.40219.1
Project("{9A19103F-16F7-4668-BE54-9A1E7A4F7556}") = "Tennis.GameScore.Tests", "Tennis.GameScore.Tests\Tennis.GameScore.Tests.csproj", "{760E087A-0DBF-43D7-B55A-78084FB7C323}"
EndProject
Project("{9A19103F-16F7-4668-BE54-9A1E7A4F7556}") = "Tennis.GameScore", "Tennis.GameScore\Tennis.GameScore.csproj", "{80855B23-6EE6-4336-B213-85831820F5DC}"
EndProject
Global
	GlobalSection(SolutionConfigurationPlatforms) = preSolution
		Debug|Any CPU = Debug|Any CPU
		Release|Any CPU = Release|Any CPU
	EndGlobalSection
	GlobalSection(ProjectConfigurationPlatforms) = postSolution
		{760E087A-0DBF-43D7-B55A-78084FB7C323}.Debug|Any CPU.ActiveCfg = Debug|Any CPU
		{760E087A-0DBF-43D7-B55A-78084FB7C323}.Debug|Any CPU.Build.0 = Debug|Any CPU
		{760E087A-0DBF-43D7-B55A-78084FB7C323}.Release|Any CPU.ActiveCfg = Release|Any CPU
		{760E087A-0DBF-43D7-B55A-78084FB7C323}.Release|Any CPU.Build.0 = Release|Any CPU
		{80855B23-6EE6-4336-B213-85831820F5DC}.Debug|Any CPU.ActiveCfg = Debug|Any CPU
		{80855B23-6EE6-4336-B213-85831820F5DC}.Debug|Any CPU.Build.0 = Debug|Any CPU
		{80855B23-6EE6-4336-B213-85831820F5DC}.Release|Any CPU.ActiveCfg = Release|Any CPU
		{80855B23-6EE6-4336-B213-85831820F5DC}.Release|Any CPU.Build.0 = Release|Any CPU
	EndGlobalSection
	GlobalSection(SolutionProperties) = preSolution
		HideSolutionNode = FALSE
	EndGlobalSection
	GlobalSection(ExtensibilityGlobals) = postSolution
		SolutionGuid = {2E3AF259-E2B9-40CB-A6CE-02CF193AEFF5}
	EndGlobalSection
EndGlobal
